// !$*UTF8*$!
{
	archiveVersion = 1;
	classes = {
	};
	objectVersion = 46;
	objects = {

/* Begin PBXBuildFile section */
		B98AFED11F8044C100B90F41 /* AppDelegate.swift in Sources */ = {isa = PBXBuildFile; fileRef = B98AFED01F8044C100B90F41 /* AppDelegate.swift */; };
		B98AFED31F8044C100B90F41 /* ViewController.swift in Sources */ = {isa = PBXBuildFile; fileRef = B98AFED21F8044C100B90F41 /* ViewController.swift */; };
		B98AFED61F8044C100B90F41 /* Main.storyboard in Resources */ = {isa = PBXBuildFile; fileRef = B98AFED41F8044C100B90F41 /* Main.storyboard */; };
		B98AFED81F8044C100B90F41 /* Assets.xcassets in Resources */ = {isa = PBXBuildFile; fileRef = B98AFED71F8044C100B90F41 /* Assets.xcassets */; };
		B98AFEDB1F8044C100B90F41 /* LaunchScreen.storyboard in Resources */ = {isa = PBXBuildFile; fileRef = B98AFED91F8044C100B90F41 /* LaunchScreen.storyboard */; };
		B98AFEE61F8044C100B90F41 /* JinJo_iOSTests.swift in Sources */ = {isa = PBXBuildFile; fileRef = B98AFEE51F8044C100B90F41 /* JinJo_iOSTests.swift */; };
		B98AFEF11F8044C100B90F41 /* JinJo_iOSUITests.swift in Sources */ = {isa = PBXBuildFile; fileRef = B98AFEF01F8044C100B90F41 /* JinJo_iOSUITests.swift */; };
/* End PBXBuildFile section */

/* Begin PBXContainerItemProxy section */
		B98AFEE21F8044C100B90F41 /* PBXContainerItemProxy */ = {
			isa = PBXContainerItemProxy;
			containerPortal = B98AFEC51F8044C100B90F41 /* Project object */;
			proxyType = 1;
			remoteGlobalIDString = B98AFECC1F8044C100B90F41;
			remoteInfo = "JinJo-iOS";
		};
		B98AFEED1F8044C100B90F41 /* PBXContainerItemProxy */ = {
			isa = PBXContainerItemProxy;
			containerPortal = B98AFEC51F8044C100B90F41 /* Project object */;
			proxyType = 1;
			remoteGlobalIDString = B98AFECC1F8044C100B90F41;
			remoteInfo = "JinJo-iOS";
		};
/* End PBXContainerItemProxy section */

/* Begin PBXFileReference section */
		B98AFECD1F8044C100B90F41 /* JinJo-iOS.app */ = {isa = PBXFileReference; explicitFileType = wrapper.application; includeInIndex = 0; path = "JinJo-iOS.app"; sourceTree = BUILT_PRODUCTS_DIR; };
		B98AFED01F8044C100B90F41 /* AppDelegate.swift */ = {isa = PBXFileReference; lastKnownFileType = sourcecode.swift; path = AppDelegate.swift; sourceTree = "<group>"; };
		B98AFED21F8044C100B90F41 /* ViewController.swift */ = {isa = PBXFileReference; lastKnownFileType = sourcecode.swift; path = ViewController.swift; sourceTree = "<group>"; };
		B98AFED51F8044C100B90F41 /* Base */ = {isa = PBXFileReference; lastKnownFileType = file.storyboard; name = Base; path = Base.lproj/Main.storyboard; sourceTree = "<group>"; };
		B98AFED71F8044C100B90F41 /* Assets.xcassets */ = {isa = PBXFileReference; lastKnownFileType = folder.assetcatalog; path = Assets.xcassets; sourceTree = "<group>"; };
		B98AFEDA1F8044C100B90F41 /* Base */ = {isa = PBXFileReference; lastKnownFileType = file.storyboard; name = Base; path = Base.lproj/LaunchScreen.storyboard; sourceTree = "<group>"; };
		B98AFEDC1F8044C100B90F41 /* Info.plist */ = {isa = PBXFileReference; lastKnownFileType = text.plist.xml; path = Info.plist; sourceTree = "<group>"; };
		B98AFEE11F8044C100B90F41 /* JinJo-iOSTests.xctest */ = {isa = PBXFileReference; explicitFileType = wrapper.cfbundle; includeInIndex = 0; path = "JinJo-iOSTests.xctest"; sourceTree = BUILT_PRODUCTS_DIR; };
		B98AFEE51F8044C100B90F41 /* JinJo_iOSTests.swift */ = {isa = PBXFileReference; lastKnownFileType = sourcecode.swift; path = JinJo_iOSTests.swift; sourceTree = "<group>"; };
		B98AFEE71F8044C100B90F41 /* Info.plist */ = {isa = PBXFileReference; lastKnownFileType = text.plist.xml; path = Info.plist; sourceTree = "<group>"; };
		B98AFEEC1F8044C100B90F41 /* JinJo-iOSUITests.xctest */ = {isa = PBXFileReference; explicitFileType = wrapper.cfbundle; includeInIndex = 0; path = "JinJo-iOSUITests.xctest"; sourceTree = BUILT_PRODUCTS_DIR; };
		B98AFEF01F8044C100B90F41 /* JinJo_iOSUITests.swift */ = {isa = PBXFileReference; lastKnownFileType = sourcecode.swift; path = JinJo_iOSUITests.swift; sourceTree = "<group>"; };
		B98AFEF21F8044C100B90F41 /* Info.plist */ = {isa = PBXFileReference; lastKnownFileType = text.plist.xml; path = Info.plist; sourceTree = "<group>"; };
/* End PBXFileReference section */

/* Begin PBXFrameworksBuildPhase section */
		B98AFECA1F8044C100B90F41 /* Frameworks */ = {
			isa = PBXFrameworksBuildPhase;
			buildActionMask = 2147483647;
			files = (
			);
			runOnlyForDeploymentPostprocessing = 0;
		};
		B98AFEDE1F8044C100B90F41 /* Frameworks */ = {
			isa = PBXFrameworksBuildPhase;
			buildActionMask = 2147483647;
			files = (
			);
			runOnlyForDeploymentPostprocessing = 0;
		};
		B98AFEE91F8044C100B90F41 /* Frameworks */ = {
			isa = PBXFrameworksBuildPhase;
			buildActionMask = 2147483647;
			files = (
			);
			runOnlyForDeploymentPostprocessing = 0;
		};
/* End PBXFrameworksBuildPhase section */

/* Begin PBXGroup section */
		B98AFEC41F8044C100B90F41 = {
			isa = PBXGroup;
			children = (
				B98AFECF1F8044C100B90F41 /* JinJo-iOS */,
				B98AFEE41F8044C100B90F41 /* JinJo-iOSTests */,
				B98AFEEF1F8044C100B90F41 /* JinJo-iOSUITests */,
				B98AFECE1F8044C100B90F41 /* Products */,
			);
			sourceTree = "<group>";
		};
		B98AFECE1F8044C100B90F41 /* Products */ = {
			isa = PBXGroup;
			children = (
				B98AFECD1F8044C100B90F41 /* JinJo-iOS.app */,
				B98AFEE11F8044C100B90F41 /* JinJo-iOSTests.xctest */,
				B98AFEEC1F8044C100B90F41 /* JinJo-iOSUITests.xctest */,
			);
			name = Products;
			sourceTree = "<group>";
		};
		B98AFECF1F8044C100B90F41 /* JinJo-iOS */ = {
			isa = PBXGroup;
			children = (
				B98AFED01F8044C100B90F41 /* AppDelegate.swift */,
				B98AFED21F8044C100B90F41 /* ViewController.swift */,
				B98AFED41F8044C100B90F41 /* Main.storyboard */,
				B98AFED71F8044C100B90F41 /* Assets.xcassets */,
				B98AFED91F8044C100B90F41 /* LaunchScreen.storyboard */,
				B98AFEDC1F8044C100B90F41 /* Info.plist */,
			);
			path = "JinJo-iOS";
			sourceTree = "<group>";
		};
		B98AFEE41F8044C100B90F41 /* JinJo-iOSTests */ = {
			isa = PBXGroup;
			children = (
				B98AFEE51F8044C100B90F41 /* JinJo_iOSTests.swift */,
				B98AFEE71F8044C100B90F41 /* Info.plist */,
			);
			path = "JinJo-iOSTests";
			sourceTree = "<group>";
		};
		B98AFEEF1F8044C100B90F41 /* JinJo-iOSUITests */ = {
			isa = PBXGroup;
			children = (
				B98AFEF01F8044C100B90F41 /* JinJo_iOSUITests.swift */,
				B98AFEF21F8044C100B90F41 /* Info.plist */,
			);
			path = "JinJo-iOSUITests";
			sourceTree = "<group>";
		};
/* End PBXGroup section */

/* Begin PBXNativeTarget section */
		B98AFECC1F8044C100B90F41 /* JinJo-iOS */ = {
			isa = PBXNativeTarget;
			buildConfigurationList = B98AFEF51F8044C100B90F41 /* Build configuration list for PBXNativeTarget "JinJo-iOS" */;
			buildPhases = (
				B98AFEC91F8044C100B90F41 /* Sources */,
				B98AFECA1F8044C100B90F41 /* Frameworks */,
				B98AFECB1F8044C100B90F41 /* Resources */,
			);
			buildRules = (
			);
			dependencies = (
			);
			name = "JinJo-iOS";
			productName = "JinJo-iOS";
			productReference = B98AFECD1F8044C100B90F41 /* JinJo-iOS.app */;
			productType = "com.apple.product-type.application";
		};
		B98AFEE01F8044C100B90F41 /* JinJo-iOSTests */ = {
			isa = PBXNativeTarget;
			buildConfigurationList = B98AFEF81F8044C100B90F41 /* Build configuration list for PBXNativeTarget "JinJo-iOSTests" */;
			buildPhases = (
				B98AFEDD1F8044C100B90F41 /* Sources */,
				B98AFEDE1F8044C100B90F41 /* Frameworks */,
				B98AFEDF1F8044C100B90F41 /* Resources */,
			);
			buildRules = (
			);
			dependencies = (
				B98AFEE31F8044C100B90F41 /* PBXTargetDependency */,
			);
			name = "JinJo-iOSTests";
			productName = "JinJo-iOSTests";
			productReference = B98AFEE11F8044C100B90F41 /* JinJo-iOSTests.xctest */;
			productType = "com.apple.product-type.bundle.unit-test";
		};
		B98AFEEB1F8044C100B90F41 /* JinJo-iOSUITests */ = {
			isa = PBXNativeTarget;
			buildConfigurationList = B98AFEFB1F8044C100B90F41 /* Build configuration list for PBXNativeTarget "JinJo-iOSUITests" */;
			buildPhases = (
				B98AFEE81F8044C100B90F41 /* Sources */,
				B98AFEE91F8044C100B90F41 /* Frameworks */,
				B98AFEEA1F8044C100B90F41 /* Resources */,
			);
			buildRules = (
			);
			dependencies = (
				B98AFEEE1F8044C100B90F41 /* PBXTargetDependency */,
			);
			name = "JinJo-iOSUITests";
			productName = "JinJo-iOSUITests";
			productReference = B98AFEEC1F8044C100B90F41 /* JinJo-iOSUITests.xctest */;
			productType = "com.apple.product-type.bundle.ui-testing";
		};
/* End PBXNativeTarget section */

/* Begin PBXProject section */
		B98AFEC51F8044C100B90F41 /* Project object */ = {
			isa = PBXProject;
			attributes = {
				LastSwiftUpdateCheck = 0830;
				LastUpgradeCheck = 0830;
				ORGANIZATIONNAME = "Paco Lee";
				TargetAttributes = {
					B98AFECC1F8044C100B90F41 = {
						CreatedOnToolsVersion = 8.3.3;
						DevelopmentTeam = 28636835Z7;
						ProvisioningStyle = Automatic;
					};
					B98AFEE01F8044C100B90F41 = {
						CreatedOnToolsVersion = 8.3.3;
						DevelopmentTeam = 28636835Z7;
						ProvisioningStyle = Automatic;
						TestTargetID = B98AFECC1F8044C100B90F41;
					};
					B98AFEEB1F8044C100B90F41 = {
						CreatedOnToolsVersion = 8.3.3;
						DevelopmentTeam = 28636835Z7;
						ProvisioningStyle = Automatic;
						TestTargetID = B98AFECC1F8044C100B90F41;
					};
				};
			};
			buildConfigurationList = B98AFEC81F8044C100B90F41 /* Build configuration list for PBXProject "JinJo-iOS" */;
			compatibilityVersion = "Xcode 3.2";
			developmentRegion = English;
			hasScannedForEncodings = 0;
			knownRegions = (
				en,
				Base,
			);
			mainGroup = B98AFEC41F8044C100B90F41;
			productRefGroup = B98AFECE1F8044C100B90F41 /* Products */;
			projectDirPath = "";
			projectRoot = "";
			targets = (
				B98AFECC1F8044C100B90F41 /* JinJo-iOS */,
				B98AFEE01F8044C100B90F41 /* JinJo-iOSTests */,
				B98AFEEB1F8044C100B90F41 /* JinJo-iOSUITests */,
			);
		};
/* End PBXProject section */

/* Begin PBXResourcesBuildPhase section */
		B98AFECB1F8044C100B90F41 /* Resources */ = {
			isa = PBXResourcesBuildPhase;
			buildActionMask = 2147483647;
			files = (
				B98AFEDB1F8044C100B90F41 /* LaunchScreen.storyboard in Resources */,
				B98AFED81F8044C100B90F41 /* Assets.xcassets in Resources */,
				B98AFED61F8044C100B90F41 /* Main.storyboard in Resources */,
			);
			runOnlyForDeploymentPostprocessing = 0;
		};
		B98AFEDF1F8044C100B90F41 /* Resources */ = {
			isa = PBXResourcesBuildPhase;
			buildActionMask = 2147483647;
			files = (
			);
			runOnlyForDeploymentPostprocessing = 0;
		};
		B98AFEEA1F8044C100B90F41 /* Resources */ = {
			isa = PBXResourcesBuildPhase;
			buildActionMask = 2147483647;
			files = (
			);
			runOnlyForDeploymentPostprocessing = 0;
		};
/* End PBXResourcesBuildPhase section */

/* Begin PBXSourcesBuildPhase section */
		B98AFEC91F8044C100B90F41 /* Sources */ = {
			isa = PBXSourcesBuildPhase;
			buildActionMask = 2147483647;
			files = (
				B98AFED31F8044C100B90F41 /* ViewController.swift in Sources */,
				B98AFED11F8044C100B90F41 /* AppDelegate.swift in Sources */,
			);
			runOnlyForDeploymentPostprocessing = 0;
		};
		B98AFEDD1F8044C100B90F41 /* Sources */ = {
			isa = PBXSourcesBuildPhase;
			buildActionMask = 2147483647;
			files = (
				B98AFEE61F8044C100B90F41 /* JinJo_iOSTests.swift in Sources */,
			);
			runOnlyForDeploymentPostprocessing = 0;
		};
		B98AFEE81F8044C100B90F41 /* Sources */ = {
			isa = PBXSourcesBuildPhase;
			buildActionMask = 2147483647;
			files = (
				B98AFEF11F8044C100B90F41 /* JinJo_iOSUITests.swift in Sources */,
			);
			runOnlyForDeploymentPostprocessing = 0;
		};
/* End PBXSourcesBuildPhase section */

/* Begin PBXTargetDependency section */
		B98AFEE31F8044C100B90F41 /* PBXTargetDependency */ = {
			isa = PBXTargetDependency;
			target = B98AFECC1F8044C100B90F41 /* JinJo-iOS */;
			targetProxy = B98AFEE21F8044C100B90F41 /* PBXContainerItemProxy */;
		};
		B98AFEEE1F8044C100B90F41 /* PBXTargetDependency */ = {
			isa = PBXTargetDependency;
			target = B98AFECC1F8044C100B90F41 /* JinJo-iOS */;
			targetProxy = B98AFEED1F8044C100B90F41 /* PBXContainerItemProxy */;
		};
/* End PBXTargetDependency section */

/* Begin PBXVariantGroup section */
		B98AFED41F8044C100B90F41 /* Main.storyboard */ = {
			isa = PBXVariantGroup;
			children = (
				B98AFED51F8044C100B90F41 /* Base */,
			);
			name = Main.storyboard;
			sourceTree = "<group>";
		};
		B98AFED91F8044C100B90F41 /* LaunchScreen.storyboard */ = {
			isa = PBXVariantGroup;
			children = (
				B98AFEDA1F8044C100B90F41 /* Base */,
			);
			name = LaunchScreen.storyboard;
			sourceTree = "<group>";
		};
/* End PBXVariantGroup section */

/* Begin XCBuildConfiguration section */
		B98AFEF31F8044C100B90F41 /* Debug */ = {
			isa = XCBuildConfiguration;
			buildSettings = {
				ALWAYS_SEARCH_USER_PATHS = NO;
				CLANG_ANALYZER_NONNULL = YES;
				CLANG_ANALYZER_NUMBER_OBJECT_CONVERSION = YES_AGGRESSIVE;
				CLANG_CXX_LANGUAGE_STANDARD = "gnu++0x";
				CLANG_CXX_LIBRARY = "libc++";
				CLANG_ENABLE_MODULES = YES;
				CLANG_ENABLE_OBJC_ARC = YES;
				CLANG_WARN_BOOL_CONVERSION = YES;
				CLANG_WARN_CONSTANT_CONVERSION = YES;
				CLANG_WARN_DIRECT_OBJC_ISA_USAGE = YES_ERROR;
				CLANG_WARN_DOCUMENTATION_COMMENTS = YES;
				CLANG_WARN_EMPTY_BODY = YES;
				CLANG_WARN_ENUM_CONVERSION = YES;
				CLANG_WARN_INFINITE_RECURSION = YES;
				CLANG_WARN_INT_CONVERSION = YES;
				CLANG_WARN_OBJC_ROOT_CLASS = YES_ERROR;
				CLANG_WARN_SUSPICIOUS_MOVE = YES;
				CLANG_WARN_UNREACHABLE_CODE = YES;
				CLANG_WARN__DUPLICATE_METHOD_MATCH = YES;
				"CODE_SIGN_IDENTITY[sdk=iphoneos*]" = "iPhone Developer";
				COPY_PHASE_STRIP = NO;
				DEBUG_INFORMATION_FORMAT = dwarf;
				ENABLE_STRICT_OBJC_MSGSEND = YES;
				ENABLE_TESTABILITY = YES;
				GCC_C_LANGUAGE_STANDARD = gnu99;
				GCC_DYNAMIC_NO_PIC = NO;
				GCC_NO_COMMON_BLOCKS = YES;
				GCC_OPTIMIZATION_LEVEL = 0;
				GCC_PREPROCESSOR_DEFINITIONS = (
					"DEBUG=1",
					"$(inherited)",
				);
				GCC_WARN_64_TO_32_BIT_CONVERSION = YES;
				GCC_WARN_ABOUT_RETURN_TYPE = YES_ERROR;
				GCC_WARN_UNDECLARED_SELECTOR = YES;
				GCC_WARN_UNINITIALIZED_AUTOS = YES_AGGRESSIVE;
				GCC_WARN_UNUSED_FUNCTION = YES;
				GCC_WARN_UNUSED_VARIABLE = YES;
				IPHONEOS_DEPLOYMENT_TARGET = 10.3;
				MTL_ENABLE_DEBUG_INFO = YES;
				ONLY_ACTIVE_ARCH = YES;
				SDKROOT = iphoneos;
				SWIFT_ACTIVE_COMPILATION_CONDITIONS = DEBUG;
				SWIFT_OPTIMIZATION_LEVEL = "-Onone";
				TARGETED_DEVICE_FAMILY = "1,2";
			};
			name = Debug;
		};
		B98AFEF41F8044C100B90F41 /* Release */ = {
			isa = XCBuildConfiguration;
			buildSettings = {
				ALWAYS_SEARCH_USER_PATHS = NO;
				CLANG_ANALYZER_NONNULL = YES;
				CLANG_ANALYZER_NUMBER_OBJECT_CONVERSION = YES_AGGRESSIVE;
				CLANG_CXX_LANGUAGE_STANDARD = "gnu++0x";
				CLANG_CXX_LIBRARY = "libc++";
				CLANG_ENABLE_MODULES = YES;
				CLANG_ENABLE_OBJC_ARC = YES;
				CLANG_WARN_BOOL_CONVERSION = YES;
				CLANG_WARN_CONSTANT_CONVERSION = YES;
				CLANG_WARN_DIRECT_OBJC_ISA_USAGE = YES_ERROR;
				CLANG_WARN_DOCUMENTATION_COMMENTS = YES;
				CLANG_WARN_EMPTY_BODY = YES;
				CLANG_WARN_ENUM_CONVERSION = YES;
				CLANG_WARN_INFINITE_RECURSION = YES;
				CLANG_WARN_INT_CONVERSION = YES;
				CLANG_WARN_OBJC_ROOT_CLASS = YES_ERROR;
				CLANG_WARN_SUSPICIOUS_MOVE = YES;
				CLANG_WARN_UNREACHABLE_CODE = YES;
				CLANG_WARN__DUPLICATE_METHOD_MATCH = YES;
				"CODE_SIGN_IDENTITY[sdk=iphoneos*]" = "iPhone Developer";
				COPY_PHASE_STRIP = NO;
				DEBUG_INFORMATION_FORMAT = "dwarf-with-dsym";
				ENABLE_NS_ASSERTIONS = NO;
				ENABLE_STRICT_OBJC_MSGSEND = YES;
				GCC_C_LANGUAGE_STANDARD = gnu99;
				GCC_NO_COMMON_BLOCKS = YES;
				GCC_WARN_64_TO_32_BIT_CONVERSION = YES;
				GCC_WARN_ABOUT_RETURN_TYPE = YES_ERROR;
				GCC_WARN_UNDECLARED_SELECTOR = YES;
				GCC_WARN_UNINITIALIZED_AUTOS = YES_AGGRESSIVE;
				GCC_WARN_UNUSED_FUNCTION = YES;
				GCC_WARN_UNUSED_VARIABLE = YES;
				IPHONEOS_DEPLOYMENT_TARGET = 10.3;
				MTL_ENABLE_DEBUG_INFO = NO;
				SDKROOT = iphoneos;
				SWIFT_OPTIMIZATION_LEVEL = "-Owholemodule";
				TARGETED_DEVICE_FAMILY = "1,2";
				VALIDATE_PRODUCT = YES;
			};
			name = Release;
		};
		B98AFEF61F8044C100B90F41 /* Debug */ = {
			isa = XCBuildConfiguration;
			buildSettings = {
				ASSETCATALOG_COMPILER_APPICON_NAME = AppIcon;
				DEVELOPMENT_TEAM = 28636835Z7;
				INFOPLIST_FILE = "JinJo-iOS/Info.plist";
				LD_RUNPATH_SEARCH_PATHS = "$(inherited) @executable_path/Frameworks";
				PRODUCT_BUNDLE_IDENTIFIER = "pacolee.JinJo-iOS";
				PRODUCT_NAME = "$(TARGET_NAME)";
				SWIFT_VERSION = 3.0;
			};
			name = Debug;
		};
		B98AFEF71F8044C100B90F41 /* Release */ = {
			isa = XCBuildConfiguration;
			buildSettings = {
				ASSETCATALOG_COMPILER_APPICON_NAME = AppIcon;
				DEVELOPMENT_TEAM = 28636835Z7;
				INFOPLIST_FILE = "JinJo-iOS/Info.plist";
				LD_RUNPATH_SEARCH_PATHS = "$(inherited) @executable_path/Frameworks";
				PRODUCT_BUNDLE_IDENTIFIER = "pacolee.JinJo-iOS";
				PRODUCT_NAME = "$(TARGET_NAME)";
				SWIFT_VERSION = 3.0;
			};
			name = Release;
		};
		B98AFEF91F8044C100B90F41 /* Debug */ = {
			isa = XCBuildConfiguration;
			buildSettings = {
				ALWAYS_EMBED_SWIFT_STANDARD_LIBRARIES = YES;
				BUNDLE_LOADER = "$(TEST_HOST)";
				DEVELOPMENT_TEAM = 28636835Z7;
				INFOPLIST_FILE = "JinJo-iOSTests/Info.plist";
				LD_RUNPATH_SEARCH_PATHS = "$(inherited) @executable_path/Frameworks @loader_path/Frameworks";
				PRODUCT_BUNDLE_IDENTIFIER = "pacolee.JinJo-iOSTests";
				PRODUCT_NAME = "$(TARGET_NAME)";
				SWIFT_VERSION = 3.0;
				TEST_HOST = "$(BUILT_PRODUCTS_DIR)/JinJo-iOS.app/JinJo-iOS";
			};
			name = Debug;
		};
		B98AFEFA1F8044C100B90F41 /* Release */ = {
			isa = XCBuildConfiguration;
			buildSettings = {
				ALWAYS_EMBED_SWIFT_STANDARD_LIBRARIES = YES;
				BUNDLE_LOADER = "$(TEST_HOST)";
				DEVELOPMENT_TEAM = 28636835Z7;
				INFOPLIST_FILE = "JinJo-iOSTests/Info.plist";
				LD_RUNPATH_SEARCH_PATHS = "$(inherited) @executable_path/Frameworks @loader_path/Frameworks";
				PRODUCT_BUNDLE_IDENTIFIER = "pacolee.JinJo-iOSTests";
				PRODUCT_NAME = "$(TARGET_NAME)";
				SWIFT_VERSION = 3.0;
				TEST_HOST = "$(BUILT_PRODUCTS_DIR)/JinJo-iOS.app/JinJo-iOS";
			};
			name = Release;
		};
		B98AFEFC1F8044C100B90F41 /* Debug */ = {
			isa = XCBuildConfiguration;
			buildSettings = {
				ALWAYS_EMBED_SWIFT_STANDARD_LIBRARIES = YES;
				DEVELOPMENT_TEAM = 28636835Z7;
				INFOPLIST_FILE = "JinJo-iOSUITests/Info.plist";
				LD_RUNPATH_SEARCH_PATHS = "$(inherited) @executable_path/Frameworks @loader_path/Frameworks";
				PRODUCT_BUNDLE_IDENTIFIER = "pacolee.JinJo-iOSUITests";
				PRODUCT_NAME = "$(TARGET_NAME)";
				SWIFT_VERSION = 3.0;
				TEST_TARGET_NAME = "JinJo-iOS";
			};
			name = Debug;
		};
		B98AFEFD1F8044C100B90F41 /* Release */ = {
			isa = XCBuildConfiguration;
			buildSettings = {
				ALWAYS_EMBED_SWIFT_STANDARD_LIBRARIES = YES;
				DEVELOPMENT_TEAM = 28636835Z7;
				INFOPLIST_FILE = "JinJo-iOSUITests/Info.plist";
				LD_RUNPATH_SEARCH_PATHS = "$(inherited) @executable_path/Frameworks @loader_path/Frameworks";
				PRODUCT_BUNDLE_IDENTIFIER = "pacolee.JinJo-iOSUITests";
				PRODUCT_NAME = "$(TARGET_NAME)";
				SWIFT_VERSION = 3.0;
				TEST_TARGET_NAME = "JinJo-iOS";
			};
			name = Release;
		};
/* End XCBuildConfiguration section */

/* Begin XCConfigurationList section */
		B98AFEC81F8044C100B90F41 /* Build configuration list for PBXProject "JinJo-iOS" */ = {
			isa = XCConfigurationList;
			buildConfigurations = (
				B98AFEF31F8044C100B90F41 /* Debug */,
				B98AFEF41F8044C100B90F41 /* Release */,
			);
			defaultConfigurationIsVisible = 0;
			defaultConfigurationName = Release;
		};
		B98AFEF51F8044C100B90F41 /* Build configuration list for PBXNativeTarget "JinJo-iOS" */ = {
			isa = XCConfigurationList;
			buildConfigurations = (
				B98AFEF61F8044C100B90F41 /* Debug */,
				B98AFEF71F8044C100B90F41 /* Release */,
			);
			defaultConfigurationIsVisible = 0;
		};
		B98AFEF81F8044C100B90F41 /* Build configuration list for PBXNativeTarget "JinJo-iOSTests" */ = {
			isa = XCConfigurationList;
			buildConfigurations = (
				B98AFEF91F8044C100B90F41 /* Debug */,
				B98AFEFA1F8044C100B90F41 /* Release */,
			);
			defaultConfigurationIsVisible = 0;
		};
		B98AFEFB1F8044C100B90F41 /* Build configuration list for PBXNativeTarget "JinJo-iOSUITests" */ = {
			isa = XCConfigurationList;
			buildConfigurations = (
				B98AFEFC1F8044C100B90F41 /* Debug */,
				B98AFEFD1F8044C100B90F41 /* Release */,
			);
			defaultConfigurationIsVisible = 0;
		};
/* End XCConfigurationList section */
	};
	rootObject = B98AFEC51F8044C100B90F41 /* Project object */;
}
